// !$*UTF8*$!
{
	archiveVersion = 1;
	classes = {
	};
	objectVersion = 46;
	objects = {

/* Begin PBXBuildFile section */
		474580D61D34C1C2006FCCA8 /* AudioQueueSample.swift in Sources */ = {isa = PBXBuildFile; fileRef = 474580D51D34C1C2006FCCA8 /* AudioQueueSample.swift */; };
		474580D81D3519D6006FCCA8 /* AudioQueueFileSample.swift in Sources */ = {isa = PBXBuildFile; fileRef = 474580D71D3519D6006FCCA8 /* AudioQueueFileSample.swift */; };
		475069591D324AD10066C015 /* AuidoPlayer.swift in Sources */ = {isa = PBXBuildFile; fileRef = 475069581D324AD10066C015 /* AuidoPlayer.swift */; };
		47B247EA1D3145C9008552E4 /* AppDelegate.swift in Sources */ = {isa = PBXBuildFile; fileRef = 47B247E91D3145C9008552E4 /* AppDelegate.swift */; };
		47B247EC1D3145C9008552E4 /* ViewController.swift in Sources */ = {isa = PBXBuildFile; fileRef = 47B247EB1D3145C9008552E4 /* ViewController.swift */; };
		47B247EF1D3145C9008552E4 /* Main.storyboard in Resources */ = {isa = PBXBuildFile; fileRef = 47B247ED1D3145C9008552E4 /* Main.storyboard */; };
		47B247F11D3145C9008552E4 /* Assets.xcassets in Resources */ = {isa = PBXBuildFile; fileRef = 47B247F01D3145C9008552E4 /* Assets.xcassets */; };
		47B247F41D3145C9008552E4 /* LaunchScreen.storyboard in Resources */ = {isa = PBXBuildFile; fileRef = 47B247F21D3145C9008552E4 /* LaunchScreen.storyboard */; };
		47F763B91D362854009A959F /* audiotest.mp3 in Resources */ = {isa = PBXBuildFile; fileRef = 47F763B81D362854009A959F /* audiotest.mp3 */; };
/* End PBXBuildFile section */

/* Begin PBXFileReference section */
		474580D51D34C1C2006FCCA8 /* AudioQueueSample.swift */ = {isa = PBXFileReference; fileEncoding = 4; lastKnownFileType = sourcecode.swift; path = AudioQueueSample.swift; sourceTree = "<group>"; };
		474580D71D3519D6006FCCA8 /* AudioQueueFileSample.swift */ = {isa = PBXFileReference; fileEncoding = 4; lastKnownFileType = sourcecode.swift; path = AudioQueueFileSample.swift; sourceTree = "<group>"; };
		475069581D324AD10066C015 /* AuidoPlayer.swift */ = {isa = PBXFileReference; fileEncoding = 4; lastKnownFileType = sourcecode.swift; path = AuidoPlayer.swift; sourceTree = "<group>"; };
		47B247E61D3145C9008552E4 /* AudioQueueDemo.app */ = {isa = PBXFileReference; explicitFileType = wrapper.application; includeInIndex = 0; path = AudioQueueDemo.app; sourceTree = BUILT_PRODUCTS_DIR; };
		47B247E91D3145C9008552E4 /* AppDelegate.swift */ = {isa = PBXFileReference; lastKnownFileType = sourcecode.swift; path = AppDelegate.swift; sourceTree = "<group>"; };
		47B247EB1D3145C9008552E4 /* ViewController.swift */ = {isa = PBXFileReference; lastKnownFileType = sourcecode.swift; path = ViewController.swift; sourceTree = "<group>"; };
		47B247EE1D3145C9008552E4 /* Base */ = {isa = PBXFileReference; lastKnownFileType = file.storyboard; name = Base; path = Base.lproj/Main.storyboard; sourceTree = "<group>"; };
		47B247F01D3145C9008552E4 /* Assets.xcassets */ = {isa = PBXFileReference; lastKnownFileType = folder.assetcatalog; path = Assets.xcassets; sourceTree = "<group>"; };
		47B247F31D3145C9008552E4 /* Base */ = {isa = PBXFileReference; lastKnownFileType = file.storyboard; name = Base; path = Base.lproj/LaunchScreen.storyboard; sourceTree = "<group>"; };
		47B247F51D3145C9008552E4 /* Info.plist */ = {isa = PBXFileReference; lastKnownFileType = text.plist.xml; path = Info.plist; sourceTree = "<group>"; };
		47F763B81D362854009A959F /* audiotest.mp3 */ = {isa = PBXFileReference; lastKnownFileType = audio.mp3; path = audiotest.mp3; sourceTree = "<group>"; };
/* End PBXFileReference section */

/* Begin PBXFrameworksBuildPhase section */
		47B247E31D3145C9008552E4 /* Frameworks */ = {
			isa = PBXFrameworksBuildPhase;
			buildActionMask = 2147483647;
			files = (
			);
			runOnlyForDeploymentPostprocessing = 0;
		};
/* End PBXFrameworksBuildPhase section */

/* Begin PBXGroup section */
		47B247DD1D3145C9008552E4 = {
			isa = PBXGroup;
			children = (
				47B247E81D3145C9008552E4 /* AudioQueueDemo */,
				47B247E71D3145C9008552E4 /* Products */,
			);
			sourceTree = "<group>";
		};
		47B247E71D3145C9008552E4 /* Products */ = {
			isa = PBXGroup;
			children = (
				47B247E61D3145C9008552E4 /* AudioQueueDemo.app */,
			);
			name = Products;
			sourceTree = "<group>";
		};
		47B247E81D3145C9008552E4 /* AudioQueueDemo */ = {
			isa = PBXGroup;
			children = (
				474580D51D34C1C2006FCCA8 /* AudioQueueSample.swift */,
				474580D71D3519D6006FCCA8 /* AudioQueueFileSample.swift */,
				475069581D324AD10066C015 /* AuidoPlayer.swift */,
				47B247E91D3145C9008552E4 /* AppDelegate.swift */,
				47B247EB1D3145C9008552E4 /* ViewController.swift */,
				47F763B81D362854009A959F /* audiotest.mp3 */,
				47B247ED1D3145C9008552E4 /* Main.storyboard */,
				47B247F01D3145C9008552E4 /* Assets.xcassets */,
				47B247F21D3145C9008552E4 /* LaunchScreen.storyboard */,
				47B247F51D3145C9008552E4 /* Info.plist */,
			);
			path = AudioQueueDemo;
			sourceTree = "<group>";
		};
/* End PBXGroup section */

/* Begin PBXNativeTarget section */
		47B247E51D3145C9008552E4 /* AudioQueueDemo */ = {
			isa = PBXNativeTarget;
			buildConfigurationList = 47B247F81D3145C9008552E4 /* Build configuration list for PBXNativeTarget "AudioQueueDemo" */;
			buildPhases = (
				47B247E21D3145C9008552E4 /* Sources */,
				47B247E31D3145C9008552E4 /* Frameworks */,
				47B247E41D3145C9008552E4 /* Resources */,
			);
			buildRules = (
			);
			dependencies = (
			);
			name = AudioQueueDemo;
			productName = AudioQueueDemo;
			productReference = 47B247E61D3145C9008552E4 /* AudioQueueDemo.app */;
			productType = "com.apple.product-type.application";
		};
/* End PBXNativeTarget section */

/* Begin PBXProject section */
		47B247DE1D3145C9008552E4 /* Project object */ = {
			isa = PBXProject;
			attributes = {
				LastSwiftUpdateCheck = 0730;
				LastUpgradeCheck = 0730;
				ORGANIZATIONNAME = zerdzhong;
				TargetAttributes = {
					47B247E51D3145C9008552E4 = {
						CreatedOnToolsVersion = 7.3;
					};
				};
			};
			buildConfigurationList = 47B247E11D3145C9008552E4 /* Build configuration list for PBXProject "AudioQueueDemo" */;
			compatibilityVersion = "Xcode 3.2";
			developmentRegion = English;
			hasScannedForEncodings = 0;
			knownRegions = (
				en,
				Base,
			);
			mainGroup = 47B247DD1D3145C9008552E4;
			productRefGroup = 47B247E71D3145C9008552E4 /* Products */;
			projectDirPath = "";
			projectRoot = "";
			targets = (
				47B247E51D3145C9008552E4 /* AudioQueueDemo */,
			);
		};
/* End PBXProject section */

/* Begin PBXResourcesBuildPhase section */
		47B247E41D3145C9008552E4 /* Resources */ = {
			isa = PBXResourcesBuildPhase;
			buildActionMask = 2147483647;
			files = (
				47B247F41D3145C9008552E4 /* LaunchScreen.storyboard in Resources */,
				47F763B91D362854009A959F /* audiotest.mp3 in Resources */,
				47B247F11D3145C9008552E4 /* Assets.xcassets in Resources */,
				47B247EF1D3145C9008552E4 /* Main.storyboard in Resources */,
			);
			runOnlyForDeploymentPostprocessing = 0;
		};
/* End PBXResourcesBuildPhase section */

/* Begin PBXSourcesBuildPhase section */
		47B247E21D3145C9008552E4 /* Sources */ = {
			isa = PBXSourcesBuildPhase;
			buildActionMask = 2147483647;
			files = (
				475069591D324AD10066C015 /* AuidoPlayer.swift in Sources */,
				47B247EC1D3145C9008552E4 /* ViewController.swift in Sources */,
				474580D61D34C1C2006FCCA8 /* AudioQueueSample.swift in Sources */,
				474580D81D3519D6006FCCA8 /* AudioQueueFileSample.swift in Sources */,
				47B247EA1D3145C9008552E4 /* AppDelegate.swift in Sources */,
			);
			runOnlyForDeploymentPostprocessing = 0;
		};
/* End PBXSourcesBuildPhase section */

/* Begin PBXVariantGroup section */
		47B247ED1D3145C9008552E4 /* Main.storyboard */ = {
			isa = PBXVariantGroup;
			children = (
				47B247EE1D3145C9008552E4 /* Base */,
			);
			name = Main.storyboard;
			sourceTree = "<group>";
		};
		47B247F21D3145C9008552E4 /* LaunchScreen.storyboard */ = {
			isa = PBXVariantGroup;
			children = (
				47B247F31D3145C9008552E4 /* Base */,
			);
			name = LaunchScreen.storyboard;
			sourceTree = "<group>";
		};
/* End PBXVariantGroup section */

/* Begin XCBuildConfiguration section */
		47B247F61D3145C9008552E4 /* Debug */ = {
			isa = XCBuildConfiguration;
			buildSettings = {
				ALWAYS_SEARCH_USER_PATHS = NO;
				CLANG_ANALYZER_NONNULL = YES;
				CLANG_CXX_LANGUAGE_STANDARD = "gnu++0x";
				CLANG_CXX_LIBRARY = "libc++";
				CLANG_ENABLE_MODULES = YES;
				CLANG_ENABLE_OBJC_ARC = YES;
				CLANG_WARN_BOOL_CONVERSION = YES;
				CLANG_WARN_CONSTANT_CONVERSION = YES;
				CLANG_WARN_DIRECT_OBJC_ISA_USAGE = YES_ERROR;
				CLANG_WARN_EMPTY_BODY = YES;
				CLANG_WARN_ENUM_CONVERSION = YES;
				CLANG_WARN_INT_CONVERSION = YES;
				CLANG_WARN_OBJC_ROOT_CLASS = YES_ERROR;
				CLANG_WARN_UNREACHABLE_CODE = YES;
				CLANG_WARN__DUPLICATE_METHOD_MATCH = YES;
				"CODE_SIGN_IDENTITY[sdk=iphoneos*]" = "iPhone Developer";
				COPY_PHASE_STRIP = NO;
				DEBUG_INFORMATION_FORMAT = dwarf;
				ENABLE_STRICT_OBJC_MSGSEND = YES;
				ENABLE_TESTABILITY = YES;
				GCC_C_LANGUAGE_STANDARD = gnu99;
				GCC_DYNAMIC_NO_PIC = NO;
				GCC_NO_COMMON_BLOCKS = YES;
				GCC_OPTIMIZATION_LEVEL = 0;
				GCC_PREPROCESSOR_DEFINITIONS = (
					"DEBUG=1",
					"$(inherited)",
				);
				GCC_WARN_64_TO_32_BIT_CONVERSION = YES;
				GCC_WARN_ABOUT_RETURN_TYPE = YES_ERROR;
				GCC_WARN_UNDECLARED_SELECTOR = YES;
				GCC_WARN_UNINITIALIZED_AUTOS = YES_AGGRESSIVE;
				GCC_WARN_UNUSED_FUNCTION = YES;
				GCC_WARN_UNUSED_VARIABLE = YES;
				IPHONEOS_DEPLOYMENT_TARGET = 9.3;
				MTL_ENABLE_DEBUG_INFO = YES;
				ONLY_ACTIVE_ARCH = YES;
				SDKROOT = iphoneos;
				SWIFT_OPTIMIZATION_LEVEL = "-Onone";
				TARGETED_DEVICE_FAMILY = "1,2";
			};
			name = Debug;
		};
		47B247F71D3145C9008552E4 /* Release */ = {
			isa = XCBuildConfiguration;
			buildSettings = {
				ALWAYS_SEARCH_USER_PATHS = NO;
				CLANG_ANALYZER_NONNULL = YES;
				CLANG_CXX_LANGUAGE_STANDARD = "gnu++0x";
				CLANG_CXX_LIBRARY = "libc++";
				CLANG_ENABLE_MODULES = YES;
				CLANG_ENABLE_OBJC_ARC = YES;
				CLANG_WARN_BOOL_CONVERSION = YES;
				CLANG_WARN_CONSTANT_CONVERSION = YES;
				CLANG_WARN_DIRECT_OBJC_ISA_USAGE = YES_ERROR;
				CLANG_WARN_EMPTY_BODY = YES;
				CLANG_WARN_ENUM_CONVERSION = YES;
				CLANG_WARN_INT_CONVERSION = YES;
				CLANG_WARN_OBJC_ROOT_CLASS = YES_ERROR;
				CLANG_WARN_UNREACHABLE_CODE = YES;
				CLANG_WARN__DUPLICATE_METHOD_MATCH = YES;
				"CODE_SIGN_IDENTITY[sdk=iphoneos*]" = "iPhone Developer";
				COPY_PHASE_STRIP = NO;
				DEBUG_INFORMATION_FORMAT = "dwarf-with-dsym";
				ENABLE_NS_ASSERTIONS = NO;
				ENABLE_STRICT_OBJC_MSGSEND = YES;
				GCC_C_LANGUAGE_STANDARD = gnu99;
				GCC_NO_COMMON_BLOCKS = YES;
				GCC_WARN_64_TO_32_BIT_CONVERSION = YES;
				GCC_WARN_ABOUT_RETURN_TYPE = YES_ERROR;
				GCC_WARN_UNDECLARED_SELECTOR = YES;
				GCC_WARN_UNINITIALIZED_AUTOS = YES_AGGRESSIVE;
				GCC_WARN_UNUSED_FUNCTION = YES;
				GCC_WARN_UNUSED_VARIABLE = YES;
				IPHONEOS_DEPLOYMENT_TARGET = 9.3;
				MTL_ENABLE_DEBUG_INFO = NO;
				SDKROOT = iphoneos;
				TARGETED_DEVICE_FAMILY = "1,2";
				VALIDATE_PRODUCT = YES;
			};
			name = Release;
		};
		47B247F91D3145C9008552E4 /* Debug */ = {
			isa = XCBuildConfiguration;
			buildSettings = {
				ASSETCATALOG_COMPILER_APPICON_NAME = AppIcon;
				INFOPLIST_FILE = AudioQueueDemo/Info.plist;
				LD_RUNPATH_SEARCH_PATHS = "$(inherited) @executable_path/Frameworks";
				PRODUCT_BUNDLE_IDENTIFIER = com.zerdzhong.AudioQueueDemo;
				PRODUCT_NAME = "$(TARGET_NAME)";
			};
			name = Debug;
		};
		47B247FA1D3145C9008552E4 /* Release */ = {
			isa = XCBuildConfiguration;
			buildSettings = {
				ASSETCATALOG_COMPILER_APPICON_NAME = AppIcon;
				INFOPLIST_FILE = AudioQueueDemo/Info.plist;
				LD_RUNPATH_SEARCH_PATHS = "$(inherited) @executable_path/Frameworks";
				PRODUCT_BUNDLE_IDENTIFIER = com.zerdzhong.AudioQueueDemo;
				PRODUCT_NAME = "$(TARGET_NAME)";
			};
			name = Release;
		};
/* End XCBuildConfiguration section */

/* Begin XCConfigurationList section */
		47B247E11D3145C9008552E4 /* Build configuration list for PBXProject "AudioQueueDemo" */ = {
			isa = XCConfigurationList;
			buildConfigurations = (
				47B247F61D3145C9008552E4 /* Debug */,
				47B247F71D3145C9008552E4 /* Release */,
			);
			defaultConfigurationIsVisible = 0;
			defaultConfigurationName = Release;
		};
		47B247F81D3145C9008552E4 /* Build configuration list for PBXNativeTarget "AudioQueueDemo" */ = {
			isa = XCConfigurationList;
			buildConfigurations = (
				47B247F91D3145C9008552E4 /* Debug */,
				47B247FA1D3145C9008552E4 /* Release */,
			);
			defaultConfigurationIsVisible = 0;
			defaultConfigurationName = Release;
		};
/* End XCConfigurationList section */
	};
	rootObject = 47B247DE1D3145C9008552E4 /* Project object */;
}
